
Microsoft Visual Studio Solution File, Format Version 12.00
# Visual Studio 15
VisualStudioVersion = 15.0.28010.2016
MinimumVisualStudioVersion = 10.0.40219.1
Project("{FAE04EC0-301F-11D3-BF4B-00C04F79EFBC}") = "b16-Movie-Finder-Retry", "b16-Movie-Finder-Retry\b16-Movie-Finder-Retry.csproj", "{537FE775-370B-4EBC-A122-B34A62CF8C1C}"
EndProject
Global
	GlobalSection(SolutionConfigurationPlatforms) = preSolution
		Debug|Any CPU = Debug|Any CPU
		Release|Any CPU = Release|Any CPU
	EndGlobalSection
	GlobalSection(ProjectConfigurationPlatforms) = postSolution
		{537FE775-370B-4EBC-A122-B34A62CF8C1C}.Debug|Any CPU.ActiveCfg = Debug|Any CPU
		{537FE775-370B-4EBC-A122-B34A62CF8C1C}.Debug|Any CPU.Build.0 = Debug|Any CPU
		{537FE775-370B-4EBC-A122-B34A62CF8C1C}.Release|Any CPU.ActiveCfg = Release|Any CPU
		{537FE775-370B-4EBC-A122-B34A62CF8C1C}.Release|Any CPU.Build.0 = Release|Any CPU
	EndGlobalSection
	GlobalSection(SolutionProperties) = preSolution
		HideSolutionNode = FALSE
	EndGlobalSection
	GlobalSection(ExtensibilityGlobals) = postSolution
		SolutionGuid = {5C747848-6B3D-452A-B86A-EAF2EE1447E1}
	EndGlobalSection
EndGlobal
