
Microsoft Visual Studio Solution File, Format Version 12.00
# Visual Studio 15
VisualStudioVersion = 15.0.28010.2016
MinimumVisualStudioVersion = 10.0.40219.1
Project("{FAE04EC0-301F-11D3-BF4B-00C04F79EFBC}") = "movieFinder", "movieFinder\movieFinder.csproj", "{D3814192-A86B-490C-8851-160D97A61ABF}"
EndProject
Global
	GlobalSection(SolutionConfigurationPlatforms) = preSolution
		Debug|Any CPU = Debug|Any CPU
		Release|Any CPU = Release|Any CPU
	EndGlobalSection
	GlobalSection(ProjectConfigurationPlatforms) = postSolution
		{D3814192-A86B-490C-8851-160D97A61ABF}.Debug|Any CPU.ActiveCfg = Debug|Any CPU
		{D3814192-A86B-490C-8851-160D97A61ABF}.Debug|Any CPU.Build.0 = Debug|Any CPU
		{D3814192-A86B-490C-8851-160D97A61ABF}.Release|Any CPU.ActiveCfg = Release|Any CPU
		{D3814192-A86B-490C-8851-160D97A61ABF}.Release|Any CPU.Build.0 = Release|Any CPU
	EndGlobalSection
	GlobalSection(SolutionProperties) = preSolution
		HideSolutionNode = FALSE
	EndGlobalSection
	GlobalSection(ExtensibilityGlobals) = postSolution
		SolutionGuid = {38B25043-CE89-43A0-BE91-A6931AFD4B14}
	EndGlobalSection
EndGlobal
